PODS:
  - FURenderKit (8.3.1)
  - GLEnvs (1.5.9)
  - LookinServer (1.0.6)
  - VHYun_Beautify (1.0.6):
    - VHYun_Beautify/Core (= 1.0.6)
    - VHYun_Beautify/FURender (= 1.0.6)
  - VHYun_Beautify/Core (1.0.6)
  - VHYun_Beautify/FURender (1.0.6):
    - FURenderKit

DEPENDENCIES:
  - GLEnvs
  - LookinServer
  - VHYun_Beautify (= 1.0.6)

SPEC REPOS:
  trunk:
    - FURenderKit
    - GLEnvs
    - LookinServer
    - VHYun_Beautify

SPEC CHECKSUMS:
  FURenderKit: f6f1a1f0554d7a0013eded1aa97f9dcba7d4fadd
  GLEnvs: fa412011e1b8b2eb38a105e465d93dbb18435c76
  LookinServer: 18155b1e4a08213c236a1dd6b7ca52328a70a1e3
  VHYun_Beautify: a7607652ad10c5f92bafde552a701817b3e03859

PODFILE CHECKSUM: 2a33918d7c97a95320a694074c2c411c144fa03d

COCOAPODS: 1.11.2
